
Microsoft Visual Studio Solution File, Format Version 12.00
# Visual Studio Version 17
VisualStudioVersion = 17.0.31912.275
MinimumVisualStudioVersion = 10.0.40219.1
Project("{9092AA53-FB77-4645-B42D-1CCCA6BD08BD}") = "Splendor", "Splendor.njsproj", "{D6C3768B-2668-4999-B704-1AA19CCFCB02}"
EndProject
Global
	GlobalSection(SolutionConfigurationPlatforms) = preSolution
		Debug|Any CPU = Debug|Any CPU
		Release|Any CPU = Release|Any CPU
	EndGlobalSection
	GlobalSection(ProjectConfigurationPlatforms) = postSolution
		{D6C3768B-2668-4999-B704-1AA19CCFCB02}.Debug|Any CPU.ActiveCfg = Debug|Any CPU
		{D6C3768B-2668-4999-B704-1AA19CCFCB02}.Debug|Any CPU.Build.0 = Debug|Any CPU
		{D6C3768B-2668-4999-B704-1AA19CCFCB02}.Release|Any CPU.ActiveCfg = Release|Any CPU
		{D6C3768B-2668-4999-B704-1AA19CCFCB02}.Release|Any CPU.Build.0 = Release|Any CPU
	EndGlobalSection
	GlobalSection(SolutionProperties) = preSolution
		HideSolutionNode = FALSE
	EndGlobalSection
	GlobalSection(ExtensibilityGlobals) = postSolution
		SolutionGuid = {73679C30-F80E-4550-8515-B50199A30CA2}
	EndGlobalSection
EndGlobal
